
Microsoft Visual Studio Solution File, Format Version 12.00
# Visual Studio Version 17
VisualStudioVersion = 17.6.33723.286
MinimumVisualStudioVersion = 10.0.40219.1
Project("{9A19103F-16F7-4668-BE54-9A1E7A4F7556}") = "AuctionService", "AuctionService\AuctionService.csproj", "{CA0F2A8D-050E-43EB-9F66-72BF1DA65FE1}"
EndProject
Project("{9A19103F-16F7-4668-BE54-9A1E7A4F7556}") = "SearchService", "SearchService\SearchService.csproj", "{1E5C97FF-3EF7-4F84-955B-F88EE0FD82AD}"
EndProject
Project("{9A19103F-16F7-4668-BE54-9A1E7A4F7556}") = "Contracts", "Contracts\Contracts.csproj", "{9015EE11-84BF-4499-9C87-B088F28024F6}"
EndProject
Project("{9A19103F-16F7-4668-BE54-9A1E7A4F7556}") = "IdentityService", "IdentityService\IdentityService.csproj", "{8A3F0AC8-23E8-4686-BB9B-DA30C778F8D2}"
EndProject
Global
	GlobalSection(SolutionConfigurationPlatforms) = preSolution
		Debug|Any CPU = Debug|Any CPU
		Release|Any CPU = Release|Any CPU
	EndGlobalSection
	GlobalSection(ProjectConfigurationPlatforms) = postSolution
		{CA0F2A8D-050E-43EB-9F66-72BF1DA65FE1}.Debug|Any CPU.ActiveCfg = Debug|Any CPU
		{CA0F2A8D-050E-43EB-9F66-72BF1DA65FE1}.Debug|Any CPU.Build.0 = Debug|Any CPU
		{CA0F2A8D-050E-43EB-9F66-72BF1DA65FE1}.Release|Any CPU.ActiveCfg = Release|Any CPU
		{CA0F2A8D-050E-43EB-9F66-72BF1DA65FE1}.Release|Any CPU.Build.0 = Release|Any CPU
		{1E5C97FF-3EF7-4F84-955B-F88EE0FD82AD}.Debug|Any CPU.ActiveCfg = Debug|Any CPU
		{1E5C97FF-3EF7-4F84-955B-F88EE0FD82AD}.Debug|Any CPU.Build.0 = Debug|Any CPU
		{1E5C97FF-3EF7-4F84-955B-F88EE0FD82AD}.Release|Any CPU.ActiveCfg = Release|Any CPU
		{1E5C97FF-3EF7-4F84-955B-F88EE0FD82AD}.Release|Any CPU.Build.0 = Release|Any CPU
		{9015EE11-84BF-4499-9C87-B088F28024F6}.Debug|Any CPU.ActiveCfg = Debug|Any CPU
		{9015EE11-84BF-4499-9C87-B088F28024F6}.Debug|Any CPU.Build.0 = Debug|Any CPU
		{9015EE11-84BF-4499-9C87-B088F28024F6}.Release|Any CPU.ActiveCfg = Release|Any CPU
		{9015EE11-84BF-4499-9C87-B088F28024F6}.Release|Any CPU.Build.0 = Release|Any CPU
		{8A3F0AC8-23E8-4686-BB9B-DA30C778F8D2}.Debug|Any CPU.ActiveCfg = Debug|Any CPU
		{8A3F0AC8-23E8-4686-BB9B-DA30C778F8D2}.Debug|Any CPU.Build.0 = Debug|Any CPU
		{8A3F0AC8-23E8-4686-BB9B-DA30C778F8D2}.Release|Any CPU.ActiveCfg = Release|Any CPU
		{8A3F0AC8-23E8-4686-BB9B-DA30C778F8D2}.Release|Any CPU.Build.0 = Release|Any CPU
	EndGlobalSection
	GlobalSection(SolutionProperties) = preSolution
		HideSolutionNode = FALSE
	EndGlobalSection
	GlobalSection(ExtensibilityGlobals) = postSolution
		SolutionGuid = {14E63DC4-3866-41DC-BF74-D3F39E20F6AA}
	EndGlobalSection
EndGlobal
